
Microsoft Visual Studio Solution File, Format Version 12.00
# Visual Studio Version 17
VisualStudioVersion = 17.3.32819.101
MinimumVisualStudioVersion = 10.0.40219.1
Project("{FAE04EC0-301F-11D3-BF4B-00C04F79EFBC}") = "ConsoleApp1", "ConsoleApp1\ConsoleApp1.csproj", "{6E4D8BF0-D3D8-4CC2-9E94-490BA35D60B3}"
EndProject
Project("{FAE04EC0-301F-11D3-BF4B-00C04F79EFBC}") = "TurtleGame", "TurtleGame\TurtleGame.csproj", "{26CF3AEA-E7B6-4537-9D12-911B9B2F8180}"
EndProject
Global
	GlobalSection(SolutionConfigurationPlatforms) = preSolution
		Debug|Any CPU = Debug|Any CPU
		Release|Any CPU = Release|Any CPU
	EndGlobalSection
	GlobalSection(ProjectConfigurationPlatforms) = postSolution
		{6E4D8BF0-D3D8-4CC2-9E94-490BA35D60B3}.Debug|Any CPU.ActiveCfg = Debug|Any CPU
		{6E4D8BF0-D3D8-4CC2-9E94-490BA35D60B3}.Debug|Any CPU.Build.0 = Debug|Any CPU
		{6E4D8BF0-D3D8-4CC2-9E94-490BA35D60B3}.Release|Any CPU.ActiveCfg = Release|Any CPU
		{6E4D8BF0-D3D8-4CC2-9E94-490BA35D60B3}.Release|Any CPU.Build.0 = Release|Any CPU
		{26CF3AEA-E7B6-4537-9D12-911B9B2F8180}.Debug|Any CPU.ActiveCfg = Debug|Any CPU
		{26CF3AEA-E7B6-4537-9D12-911B9B2F8180}.Debug|Any CPU.Build.0 = Debug|Any CPU
		{26CF3AEA-E7B6-4537-9D12-911B9B2F8180}.Release|Any CPU.ActiveCfg = Release|Any CPU
		{26CF3AEA-E7B6-4537-9D12-911B9B2F8180}.Release|Any CPU.Build.0 = Release|Any CPU
	EndGlobalSection
	GlobalSection(SolutionProperties) = preSolution
		HideSolutionNode = FALSE
	EndGlobalSection
	GlobalSection(ExtensibilityGlobals) = postSolution
		SolutionGuid = {C51DC60B-76F7-4D68-A165-0A55E733DAC9}
	EndGlobalSection
EndGlobal
